{
  "version": 4,
  "terraform_version": "1.12.2",
  "serial": 20,
  "lineage": "e2329c86-60c8-7089-1da3-b6481f9c82dd",
  "outputs": {},
  "resources": [
    {
      "mode": "managed",
      "type": "proxmox_virtual_environment_container",
      "name": "test-tf",
      "provider": "provider[\"registry.opentofu.org/bpg/proxmox\"]",
      "instances": [
        {
          "schema_version": 0,
          "attributes": {
            "clone": [],
            "console": [],
            "cpu": [
              {
                "architecture": "amd64",
                "cores": 1,
                "limit": 0,
                "units": 0
              }
            ],
            "description": "",
            "device_passthrough": [],
            "disk": [
              {
                "acl": false,
                "datastore_id": "local-lvm",
                "mount_options": [],
                "path_in_datastore": "local-lvm:vm-666-disk-0",
                "quota": false,
                "replicate": false,
                "size": 2
              }
            ],
            "environment_variables": {},
            "features": [
              {
                "fuse": false,
                "keyctl": false,
                "mknod": false,
                "mount": [],
                "nesting": true
              }
            ],
            "hook_script_file_id": "",
            "id": "666",
            "idmap": [],
            "initialization": [
              {
                "dns": [
                  {
                    "domain": "",
                    "server": "",
                    "servers": [
                      "10.0.0.124"
                    ]
                  }
                ],
                "entrypoint": "",
                "hostname": "test-basilisk",
                "ip_config": [
                  {
                    "ipv4": [
                      {
                        "address": "10.0.0.251/24",
                        "gateway": "10.0.0.1"
                      }
                    ],
                    "ipv6": []
                  }
                ],
                "user_account": [
                  {
                    "keys": [
                      "ssh-ed25519 AAAAC3NzaC1lZDI1NTE5AAAAIPyj5/rJ26XikUfcUXhSMbIyM7sVMqgforfQCoTN0l5T infra@Infra-basilisk\n",
                      "ssh-ed25519 AAAAC3NzaC1lZDI1NTE5AAAAINmib+Vf1J6PVzWJYxbIRJmqutOIdX+FHmJt1S4KHS/5 infra@Infra-basilisk\n"
                    ],
                    "password": "debian"
                  }
                ]
              }
            ],
            "ipv4": {
              "eth0": "10.0.0.251"
            },
            "ipv6": {
              "eth0": "2607:fea8:7b5f:9c00:be24:11ff:fe85:f3d"
            },
            "memory": [
              {
                "dedicated": 256,
                "swap": 0
              }
            ],
            "mount_point": [],
            "network_interface": [
              {
                "bridge": "vmbr0",
                "enabled": true,
                "firewall": true,
                "host_managed": false,
                "mac_address": "BC:24:11:85:0F:3D",
                "mtu": 0,
                "name": "eth0",
                "rate_limit": 0,
                "vlan_id": 0
              }
            ],
            "node_name": "pve",
            "operating_system": [
              {
                "template_file_id": "local:vztmpl/debian-12-standard_12.12-1_amd64.tar.zst",
                "type": "debian"
              }
            ],
            "pool_id": null,
            "protection": false,
            "start_on_boot": true,
            "started": true,
            "startup": [],
            "tags": [],
            "template": false,
            "timeout_clone": 1800,
            "timeout_create": 1800,
            "timeout_delete": 60,
            "timeout_start": 300,
            "timeout_update": 1800,
            "unprivileged": true,
            "vm_id": 666,
            "wait_for_ip": []
          },
          "sensitive_attributes": [
            [
              {
                "type": "get_attr",
                "value": "initialization"
              },
              {
                "type": "index",
                "value": {
                  "value": 0,
                  "type": "number"
                }
              },
              {
                "type": "get_attr",
                "value": "user_account"
              },
              {
                "type": "index",
                "value": {
                  "value": 0,
                  "type": "number"
                }
              },
              {
                "type": "get_attr",
                "value": "password"
              }
            ]
          ],
          "private": "bnVsbA=="
        }
      ]
    }
  ],
  "check_results": null
}

